<?xml version="1.0" encoding="UTF-8"?>
<CONFIG>
  <ProjectOptions>
    <Version Value="11"/>
    <PathDelim Value="\"/>
    <General>
      <SessionStorage Value="InProjectDir"/>
      <MainUnit Value="0"/>
      <Title Value="CpxServer"/>
      <ResourceType Value="res"/>
      <UseXPManifest Value="True"/>
      <Icon Value="0"/>
    </General>
    <i18n>
      <EnableI18N LFM="False"/>
    </i18n>
    <BuildModes Count="2">
      <Item1 Name="Debug" Default="True"/>
      <Item2 Name="Release">
        <CompilerOptions>
          <Version Value="11"/>
          <PathDelim Value="\"/>
          <Target>
            <Filename Value="..\CpxServer_$(TargetCPU)"/>
          </Target>
          <SearchPaths>
            <IncludeFiles Value="$(ProjOutDir)"/>
            <OtherUnitFiles Value="..\..\..\_Librerias\MisUtils-0.6;..\..\..\_Librerias\ogEditGraf-2.2;..\..\..\_Librerias\MiConfig-0.4;..\..\..\_Librerias\SynFacilUtils-1.1;..\..\..\_Librerias\Xpres-1.3;..\..\..\_Librerias\UtilsGrilla-0.8;..\..\Synapse;..\..\Comunes;..\..\Comunes\Cabinas;..\..\Comunes\NiloM;..\..\Comunes\Clientes;..\..\Comunes\Mesas;.."/>
            <UnitOutputDirectory Value="lib\$(TargetCPU)-$(TargetOS)"/>
          </SearchPaths>
          <CodeGeneration>
            <SmartLinkUnit Value="True"/>
            <Optimizations>
              <OptimizationLevel Value="3"/>
            </Optimizations>
          </CodeGeneration>
          <Linking>
            <Debugging>
              <GenerateDebugInfo Value="False"/>
            </Debugging>
            <LinkSmart Value="True"/>
            <Options>
              <Win32>
                <GraphicApplication Value="True"/>
              </Win32>
            </Options>
          </Linking>
        </CompilerOptions>
      </Item2>
    </BuildModes>
    <PublishOptions>
      <Version Value="2"/>
    </PublishOptions>
    <RunParams>
      <FormatVersion Value="2"/>
      <Modes Count="1">
        <Mode0 Name="default"/>
      </Modes>
    </RunParams>
    <RequiredPackages Count="6">
      <Item1>
        <PackageName Value="FCL"/>
      </Item1>
      <Item2>
        <PackageName Value="uniqueinstance_package"/>
      </Item2>
      <Item3>
        <PackageName Value="TAChartLazarusPkg"/>
      </Item3>
      <Item4>
        <PackageName Value="LazControls"/>
      </Item4>
      <Item5>
        <PackageName Value="SynEdit"/>
      </Item5>
      <Item6>
        <PackageName Value="LCL"/>
      </Item6>
    </RequiredPackages>
    <Units Count="59">
      <Unit0>
        <Filename Value="CpxServer.lpr"/>
        <IsPartOfProject Value="True"/>
      </Unit0>
      <Unit1>
        <Filename Value="FormPrincipal.pas"/>
        <IsPartOfProject Value="True"/>
        <ComponentName Value="frmPrincipal"/>
        <HasResources Value="True"/>
        <ResourceBaseClass Value="Form"/>
      </Unit1>
      <Unit2>
        <Filename Value="Globales.pas"/>
        <IsPartOfProject Value="True"/>
      </Unit2>
      <Unit3>
        <Filename Value="..\..\Comunes\FormConfig.pas"/>
        <IsPartOfProject Value="True"/>
        <ComponentName Value="Config"/>
        <HasResources Value="True"/>
        <ResourceBaseClass Value="Form"/>
      </Unit3>
      <Unit4>
        <Filename Value="..\..\Comunes\CibTabProvee.pas"/>
        <IsPartOfProject Value="True"/>
      </Unit4>
      <Unit5>
        <Filename Value="..\..\Comunes\CibFacturables.pas"/>
        <IsPartOfProject Value="True"/>
      </Unit5>
      <Unit6>
        <Filename Value="..\..\Comunes\CibTramas.pas"/>
        <IsPartOfProject Value="True"/>
      </Unit6>
      <Unit7>
        <Filename Value="..\..\Comunes\CibUtils.pas"/>
        <IsPartOfProject Value="True"/>
      </Unit7>
      <Unit8>
        <Filename Value="..\..\Comunes\FormBoleta.pas"/>
        <IsPartOfProject Value="True"/>
        <ComponentName Value="frmBoleta"/>
        <HasResources Value="True"/>
        <ResourceBaseClass Value="Form"/>
      </Unit8>
      <Unit9>
        <Filename Value="..\..\Comunes\FormRepIngresos.pas"/>
        <IsPartOfProject Value="True"/>
        <ComponentName Value="frmRepIngresos"/>
        <HasResources Value="True"/>
        <ResourceBaseClass Value="Form"/>
      </Unit9>
      <Unit10>
        <Filename Value="..\..\Comunes\RegistrosVentas.pas"/>
        <IsPartOfProject Value="True"/>
      </Unit10>
      <Unit11>
        <Filename Value="..\..\Comunes\FormAdminProduc.pas"/>
        <IsPartOfProject Value="True"/>
        <ComponentName Value="frmAdminProduc"/>
        <HasResources Value="True"/>
        <ResourceBaseClass Value="Form"/>
      </Unit11>
      <Unit12>
        <Filename Value="..\..\Comunes\CibModelo.pas"/>
        <IsPartOfProject Value="True"/>
      </Unit12>
      <Unit13>
        <Filename Value="..\..\Comunes\ObjGraficos.pas"/>
        <IsPartOfProject Value="True"/>
      </Unit13>
      <Unit14>
        <Filename Value="..\..\Comunes\forminicio.pas"/>
        <IsPartOfProject Value="True"/>
        <ComponentName Value="frmInicio"/>
        <HasResources Value="True"/>
        <ResourceBaseClass Value="Form"/>
        <UnitName Value="FormInicio"/>
      </Unit14>
      <Unit15>
        <Filename Value="FormAcercaDe.pas"/>
        <IsPartOfProject Value="True"/>
        <ComponentName Value="frmAcercaDe"/>
        <HasResources Value="True"/>
        <ResourceBaseClass Value="Form"/>
      </Unit15>
      <Unit16>
        <Filename Value="..\..\Comunes\FormCalcul.pas"/>
        <IsPartOfProject Value="True"/>
        <ComponentName Value="frmCalcul"/>
        <HasResources Value="True"/>
        <ResourceBaseClass Value="Form"/>
      </Unit16>
      <Unit17>
        <Filename Value="FormContDinero.pas"/>
        <IsPartOfProject Value="True"/>
        <ComponentName Value="frmContDinero"/>
        <HasResources Value="True"/>
        <ResourceBaseClass Value="Form"/>
      </Unit17>
      <Unit18>
        <Filename Value="..\..\Comunes\Cabinas\CibCabinaTarifas.pas"/>
        <IsPartOfProject Value="True"/>
      </Unit18>
      <Unit19>
        <Filename Value="..\..\Comunes\Cabinas\FormFijTiempo.pas"/>
        <IsPartOfProject Value="True"/>
        <ComponentName Value="frmFijTiempo"/>
        <HasResources Value="True"/>
        <ResourceBaseClass Value="Form"/>
      </Unit19>
      <Unit20>
        <Filename Value="..\..\Comunes\Cabinas\CibCabinaBase.pas"/>
        <IsPartOfProject Value="True"/>
      </Unit20>
      <Unit21>
        <Filename Value="..\..\Comunes\Cabinas\FormExplorCab.pas"/>
        <IsPartOfProject Value="True"/>
        <ComponentName Value="frmExplorCab"/>
        <HasResources Value="True"/>
        <ResourceBaseClass Value="Form"/>
      </Unit21>
      <Unit22>
        <Filename Value="..\..\Comunes\Cabinas\FormAdminCabinas.pas"/>
        <IsPartOfProject Value="True"/>
        <ComponentName Value="frmAdminCabinas"/>
        <HasResources Value="True"/>
        <ResourceBaseClass Value="Form"/>
      </Unit22>
      <Unit23>
        <Filename Value="..\..\Comunes\Cabinas\FormAdminTarCab.pas"/>
        <IsPartOfProject Value="True"/>
        <ComponentName Value="frmAdminTarCab"/>
        <HasResources Value="True"/>
        <ResourceBaseClass Value="Form"/>
      </Unit23>
      <Unit24>
        <Filename Value="..\..\Comunes\Cabinas\FrameCPTarifDia.pas"/>
        <IsPartOfProject Value="True"/>
        <ComponentName Value="fraCPTarifDia"/>
        <HasResources Value="True"/>
        <ResourceBaseClass Value="Frame"/>
      </Unit24>
      <Unit25>
        <Filename Value="..\..\Comunes\NiloM\FormNiloMConex.pas"/>
        <IsPartOfProject Value="True"/>
        <ComponentName Value="frmNiloMConex"/>
        <HasResources Value="True"/>
        <ResourceBaseClass Value="Form"/>
      </Unit25>
      <Unit26>
        <Filename Value="..\..\Comunes\NiloM\CibNiloMTarifRut.pas"/>
        <IsPartOfProject Value="True"/>
      </Unit26>
      <Unit27>
        <Filename Value="..\..\Comunes\NiloM\FormNiloMProp.pas"/>
        <IsPartOfProject Value="True"/>
        <ComponentName Value="frmNiloMProp"/>
        <HasResources Value="True"/>
        <ResourceBaseClass Value="Form"/>
      </Unit27>
      <Unit28>
        <Filename Value="..\..\Comunes\NiloM\FormNiloMEnrutam.pas"/>
        <IsPartOfProject Value="True"/>
        <ComponentName Value="frmNiloMEnrutam"/>
        <HasResources Value="True"/>
        <ResourceBaseClass Value="Form"/>
      </Unit28>
      <Unit29>
        <Filename Value="..\..\Comunes\NiloM\FormBuscTarif.pas"/>
        <IsPartOfProject Value="True"/>
        <ComponentName Value="frmBuscTarif"/>
        <HasResources Value="True"/>
        <ResourceBaseClass Value="Form"/>
      </Unit29>
      <Unit30>
        <Filename Value="..\..\Comunes\NiloM\CibNiloMConex.pas"/>
        <IsPartOfProject Value="True"/>
      </Unit30>
      <Unit31>
        <Filename Value="..\..\Comunes\FormPropGFac.pas"/>
        <IsPartOfProject Value="True"/>
        <ComponentName Value="frmPropGFac"/>
        <HasResources Value="True"/>
        <ResourceBaseClass Value="Form"/>
      </Unit31>
      <Unit32>
        <Filename Value="..\..\Comunes\Mesas\FormPropMesa.pas"/>
        <IsPartOfProject Value="True"/>
        <ComponentName Value="frmPropMesa"/>
        <HasResources Value="True"/>
        <ResourceBaseClass Value="Form"/>
      </Unit32>
      <Unit33>
        <Filename Value="FormSelecObjetos.pas"/>
        <IsPartOfProject Value="True"/>
        <ComponentName Value="frmSelecObjetos"/>
        <HasResources Value="True"/>
        <ResourceBaseClass Value="Form"/>
      </Unit33>
      <Unit34>
        <Filename Value="..\..\Comunes\FormAdminProvee.pas"/>
        <IsPartOfProject Value="True"/>
        <ComponentName Value="frmAdminProvee"/>
        <HasResources Value="True"/>
        <ResourceBaseClass Value="Form"/>
      </Unit34>
      <Unit35>
        <Filename Value="..\..\Comunes\CibBD.pas"/>
        <IsPartOfProject Value="True"/>
      </Unit35>
      <Unit36>
        <Filename Value="..\..\Comunes\FrameEditGrilla.pas"/>
        <IsPartOfProject Value="True"/>
        <ComponentName Value="fraEditGrilla"/>
        <HasResources Value="True"/>
        <ResourceBaseClass Value="Frame"/>
      </Unit36>
      <Unit37>
        <Filename Value="..\..\Comunes\FormAdminInsum.pas"/>
        <IsPartOfProject Value="True"/>
        <ComponentName Value="frmAdminInsum"/>
        <HasResources Value="True"/>
        <ResourceBaseClass Value="Form"/>
      </Unit37>
      <Unit38>
        <Filename Value="..\..\Comunes\CibGrillas.pas"/>
        <IsPartOfProject Value="True"/>
      </Unit38>
      <Unit39>
        <Filename Value="..\..\Comunes\FormCambClave.pas"/>
        <IsPartOfProject Value="True"/>
        <ComponentName Value="frmCambClave"/>
        <ResourceBaseClass Value="Form"/>
      </Unit39>
      <Unit40>
        <Filename Value="..\..\Comunes\FormRepProducto.pas"/>
        <IsPartOfProject Value="True"/>
        <ComponentName Value="frmRepProducto"/>
        <HasResources Value="True"/>
        <ResourceBaseClass Value="Form"/>
      </Unit40>
      <Unit41>
        <Filename Value="..\..\Comunes\FormRepEventos.pas"/>
        <IsPartOfProject Value="True"/>
        <ComponentName Value="frmRepEventos"/>
        <HasResources Value="True"/>
        <ResourceBaseClass Value="Form"/>
      </Unit41>
      <Unit42>
        <Filename Value="FormRegCompras.pas"/>
        <IsPartOfProject Value="True"/>
        <ComponentName Value="frmRegCompras"/>
        <HasResources Value="True"/>
        <ResourceBaseClass Value="Form"/>
      </Unit42>
      <Unit43>
        <Filename Value="..\..\Comunes\CibTabProductos.pas"/>
        <IsPartOfProject Value="True"/>
      </Unit43>
      <Unit44>
        <Filename Value="..\..\Comunes\FormIngVentas.pas"/>
        <IsPartOfProject Value="True"/>
        <ComponentName Value="frmIngVentas"/>
        <HasResources Value="True"/>
        <ResourceBaseClass Value="Form"/>
      </Unit44>
      <Unit45>
        <Filename Value="..\..\Comunes\CibTabInsumos.pas"/>
        <IsPartOfProject Value="True"/>
      </Unit45>
      <Unit46>
        <Filename Value="..\..\Comunes\FormValStock.pas"/>
        <IsPartOfProject Value="True"/>
        <ComponentName Value="frmValStock"/>
        <HasResources Value="True"/>
        <ResourceBaseClass Value="Form"/>
      </Unit46>
      <Unit47>
        <Filename Value="..\..\Comunes\FormIngStock.pas"/>
        <IsPartOfProject Value="True"/>
        <ComponentName Value="frmIngStock"/>
        <HasResources Value="True"/>
        <ResourceBaseClass Value="Form"/>
      </Unit47>
      <Unit48>
        <Filename Value="..\..\Comunes\frameVista.pas"/>
        <IsPartOfProject Value="True"/>
        <ComponentName Value="fraVista"/>
        <HasResources Value="True"/>
        <ResourceBaseClass Value="Frame"/>
      </Unit48>
      <Unit49>
        <Filename Value="ModuleBD.pas"/>
        <IsPartOfProject Value="True"/>
        <ComponentName Value="ModBD"/>
        <HasResources Value="True"/>
        <ResourceBaseClass Value="DataModule"/>
      </Unit49>
      <Unit50>
        <Filename Value="..\..\Comunes\Cabinas\CibGFacCabinas.pas"/>
        <IsPartOfProject Value="True"/>
      </Unit50>
      <Unit51>
        <Filename Value="..\..\Comunes\NiloM\CibGFacNiloM.pas"/>
        <IsPartOfProject Value="True"/>
      </Unit51>
      <Unit52>
        <Filename Value="..\..\Comunes\Clientes\CibGFacClientes.pas"/>
        <IsPartOfProject Value="True"/>
      </Unit52>
      <Unit53>
        <Filename Value="..\..\Comunes\Mesas\CibGFacMesas.pas"/>
        <IsPartOfProject Value="True"/>
      </Unit53>
      <Unit54>
        <Filename Value="..\..\Comunes\FormOgCabinas.pas"/>
        <IsPartOfProject Value="True"/>
        <ComponentName Value="frmOgCabinas"/>
        <HasResources Value="True"/>
        <ResourceBaseClass Value="Form"/>
      </Unit54>
      <Unit55>
        <Filename Value="..\..\Comunes\FormOgNiloM.pas"/>
        <IsPartOfProject Value="True"/>
        <ComponentName Value="frmOgNiloM"/>
        <HasResources Value="True"/>
        <ResourceBaseClass Value="Form"/>
      </Unit55>
      <Unit56>
        <Filename Value="..\..\Comunes\FormOgMesas.pas"/>
        <IsPartOfProject Value="True"/>
        <ComponentName Value="frmOgMesas"/>
        <HasResources Value="True"/>
        <ResourceBaseClass Value="Form"/>
      </Unit56>
      <Unit57>
        <Filename Value="..\..\Comunes\FormOgClientes.pas"/>
        <IsPartOfProject Value="True"/>
        <ComponentName Value="frmOgClientes"/>
        <HasResources Value="True"/>
        <ResourceBaseClass Value="Form"/>
      </Unit57>
      <Unit58>
        <Filename Value="..\..\Comunes\FormPersonal.pas"/>
        <IsPartOfProject Value="True"/>
        <ComponentName Value="frmPersonal"/>
        <HasResources Value="True"/>
        <ResourceBaseClass Value="Form"/>
      </Unit58>
    </Units>
  </ProjectOptions>
  <CompilerOptions>
    <Version Value="11"/>
    <PathDelim Value="\"/>
    <Target>
      <Filename Value="..\CpxServer_$(TargetCPU)"/>
    </Target>
    <SearchPaths>
      <IncludeFiles Value="$(ProjOutDir)"/>
      <OtherUnitFiles Value="..\..\..\_libraries\MisUtils-0.6;..\..\..\_libraries\ogEditGraf-2.6;..\..\..\_libraries\MiConfig-0.4;..\..\..\_libraries\SynFacilUtils-1.1;..\..\..\_libraries\Xpres-1.3;..\..\..\_libraries\UtilsGrilla-0.8;..\..\Synapse;..\..\Comunes;..\..\Comunes\Cabinas;..\..\Comunes\NiloM;..\..\Comunes\Clientes;..\..\Comunes\Mesas;.."/>
      <UnitOutputDirectory Value="lib\$(TargetCPU)-$(TargetOS)"/>
    </SearchPaths>
    <Parsing>
      <SyntaxOptions>
        <IncludeAssertionCode Value="True"/>
      </SyntaxOptions>
    </Parsing>
    <CodeGeneration>
      <Checks>
        <IOChecks Value="True"/>
        <RangeChecks Value="True"/>
        <OverflowChecks Value="True"/>
        <StackChecks Value="True"/>
      </Checks>
    </CodeGeneration>
    <Linking>
      <Debugging>
        <DebugInfoType Value="dsDwarf2"/>
        <UseHeaptrc Value="True"/>
        <UseExternalDbgSyms Value="True"/>
      </Debugging>
    </Linking>
    <Other>
      <CompilerMessages>
        <IgnoredMessages idx5057="True" idx5024="True"/>
      </CompilerMessages>
    </Other>
  </CompilerOptions>
  <Debugging>
    <Exceptions Count="4">
      <Item1>
        <Name Value="EAbort"/>
      </Item1>
      <Item2>
        <Name Value="ECodetoolError"/>
      </Item2>
      <Item3>
        <Name Value="EFOpenError"/>
      </Item3>
      <Item4>
        <Name Value="EConvertError"/>
      </Item4>
    </Exceptions>
  </Debugging>
</CONFIG>
