<?xml version="1.0" encoding="UTF-8"?>
<CONFIG>
  <ProjectOptions>
    <Version Value="11"/>
    <PathDelim Value="\"/>
    <General>
      <SessionStorage Value="InProjectDir"/>
      <MainUnit Value="0"/>
      <Title Value="TTerm"/>
      <ResourceType Value="res"/>
      <UseXPManifest Value="True"/>
      <Icon Value="0"/>
    </General>
    <i18n>
      <EnableI18N LFM="False"/>
    </i18n>
    <BuildModes Count="2">
      <Item1 Name="Debug" Default="True"/>
      <Item2 Name="Release">
        <CompilerOptions>
          <Version Value="11"/>
          <PathDelim Value="\"/>
          <Target>
            <Filename Value="..\TitoTerm"/>
          </Target>
          <SearchPaths>
            <IncludeFiles Value="$(ProjOutDir)"/>
            <OtherUnitFiles Value="..\..\_libraries\MisUtils 0.5;..\..\_libraries\UnTerminal-0.9;..\..\_libraries\SynFacilUtils-1.21;..\..\_libraries\ConfigFrame 0.8b;..\..\_libraries\ConfigFrame 0.8b\Predefined;..\..\PreSQL 2.4;..\..\_libraries\Xpres-1.3.2;ConfigFrames"/>
            <UnitOutputDirectory Value="lib\$(TargetCPU)-$(TargetOS)"/>
          </SearchPaths>
          <CodeGeneration>
            <SmartLinkUnit Value="True"/>
          </CodeGeneration>
          <Linking>
            <Debugging>
              <GenerateDebugInfo Value="False"/>
            </Debugging>
            <LinkSmart Value="True"/>
            <Options>
              <Win32>
                <GraphicApplication Value="True"/>
              </Win32>
            </Options>
          </Linking>
          <Other>
            <CompilerMessages>
              <IgnoredMessages idx5057="True" idx5024="True"/>
            </CompilerMessages>
          </Other>
        </CompilerOptions>
      </Item2>
    </BuildModes>
    <PublishOptions>
      <Version Value="2"/>
    </PublishOptions>
    <RunParams>
      <FormatVersion Value="2"/>
      <Modes Count="1">
        <Mode0 Name="default"/>
      </Modes>
    </RunParams>
    <RequiredPackages Count="3">
      <Item1>
        <PackageName Value="IDEIntf"/>
      </Item1>
      <Item2>
        <PackageName Value="SynEdit"/>
      </Item2>
      <Item3>
        <PackageName Value="LCL"/>
      </Item3>
    </RequiredPackages>
    <Units Count="21">
      <Unit0>
        <Filename Value="TTerm.lpr"/>
        <IsPartOfProject Value="True"/>
      </Unit0>
      <Unit1>
        <Filename Value="FormPrincipal.pas"/>
        <IsPartOfProject Value="True"/>
        <ComponentName Value="frmPrincipal"/>
        <HasResources Value="True"/>
        <ResourceBaseClass Value="Form"/>
      </Unit1>
      <Unit2>
        <Filename Value="FormConexRapida.pas"/>
        <IsPartOfProject Value="True"/>
        <ComponentName Value="frmConexRap"/>
        <HasResources Value="True"/>
        <ResourceBaseClass Value="Form"/>
      </Unit2>
      <Unit3>
        <Filename Value="FormConfig.pas"/>
        <IsPartOfProject Value="True"/>
        <ComponentName Value="Config"/>
        <HasResources Value="True"/>
        <ResourceBaseClass Value="Form"/>
      </Unit3>
      <Unit4>
        <Filename Value="globales.pas"/>
        <IsPartOfProject Value="True"/>
        <UnitName Value="Globales"/>
      </Unit4>
      <Unit5>
        <Filename Value="uResaltTerm.pas"/>
        <IsPartOfProject Value="True"/>
      </Unit5>
      <Unit6>
        <Filename Value="FormEditMacros.pas"/>
        <IsPartOfProject Value="True"/>
        <ComponentName Value="frmEditMacros"/>
        <HasResources Value="True"/>
        <ResourceBaseClass Value="Form"/>
      </Unit6>
      <Unit7>
        <Filename Value="FrameExpRemoto.pas"/>
        <IsPartOfProject Value="True"/>
        <ComponentName Value="fraExpRemoto"/>
        <HasResources Value="True"/>
        <ResourceBaseClass Value="Frame"/>
      </Unit7>
      <Unit8>
        <Filename Value="FormExpRemoto.pas"/>
        <IsPartOfProject Value="True"/>
        <ComponentName Value="frmExpRemoto"/>
        <HasResources Value="True"/>
        <ResourceBaseClass Value="Form"/>
      </Unit8>
      <Unit9>
        <Filename Value="FormEditRemoto.pas"/>
        <IsPartOfProject Value="True"/>
        <ComponentName Value="frmEditRemoto"/>
        <HasResources Value="True"/>
        <ResourceBaseClass Value="Form"/>
      </Unit9>
      <Unit10>
        <Filename Value="FormAbrirRemoto.pas"/>
        <IsPartOfProject Value="True"/>
        <ComponentName Value="frmAbrirRemoto"/>
        <HasResources Value="True"/>
        <ResourceBaseClass Value="Form"/>
      </Unit10>
      <Unit11>
        <Filename Value="ConfigFrames\FrameCfgConex.pas"/>
        <IsPartOfProject Value="True"/>
        <ComponentName Value="fraConexion"/>
        <HasResources Value="True"/>
        <ResourceBaseClass Value="Frame"/>
      </Unit11>
      <Unit12>
        <Filename Value="ConfigFrames\FrameCfgGener.pas"/>
        <IsPartOfProject Value="True"/>
        <ComponentName Value="fraCfgGener"/>
        <HasResources Value="True"/>
        <ResourceBaseClass Value="Frame"/>
      </Unit12>
      <Unit13>
        <Filename Value="ConfigFrames\frameCfgDetPrompt.pas"/>
        <IsPartOfProject Value="True"/>
        <ComponentName Value="fraDetPrompt"/>
        <HasResources Value="True"/>
        <ResourceBaseClass Value="Frame"/>
      </Unit13>
      <Unit14>
        <Filename Value="ConfigFrames\frameCfgPantTerm.pas"/>
        <IsPartOfProject Value="True"/>
        <ComponentName Value="fraPantTerm"/>
        <HasResources Value="True"/>
        <ResourceBaseClass Value="Frame"/>
      </Unit14>
      <Unit15>
        <Filename Value="ConfigFrames\FrameCfgExpRem.pas"/>
        <IsPartOfProject Value="True"/>
        <ComponentName Value="fcExpRem"/>
        <HasResources Value="True"/>
        <ResourceBaseClass Value="Frame"/>
      </Unit15>
      <Unit16>
        <Filename Value="ConfigFrames\FrameCfgMacros.pas"/>
        <IsPartOfProject Value="True"/>
        <ComponentName Value="fcMacros"/>
        <HasResources Value="True"/>
        <ResourceBaseClass Value="Frame"/>
      </Unit16>
      <Unit17>
        <Filename Value="ConfigFrames\FrameCfgComandRec.pas"/>
        <IsPartOfProject Value="True"/>
        <ComponentName Value="fraComandRec"/>
        <HasResources Value="True"/>
        <ResourceBaseClass Value="Frame"/>
      </Unit17>
      <Unit18>
        <Filename Value="ConfigFrames\FrameCfgRutasCnx.pas"/>
        <IsPartOfProject Value="True"/>
        <ComponentName Value="fraCfgRutArc"/>
        <HasResources Value="True"/>
        <ResourceBaseClass Value="Frame"/>
      </Unit18>
      <Unit19>
        <Filename Value="ConfigFrames\FrameCfgPanCom.pas"/>
        <IsPartOfProject Value="True"/>
        <ComponentName Value="fraPanCom"/>
        <HasResources Value="True"/>
        <ResourceBaseClass Value="Frame"/>
      </Unit19>
      <Unit20>
        <Filename Value="GenCod.pas"/>
        <IsPartOfProject Value="True"/>
      </Unit20>
    </Units>
  </ProjectOptions>
  <CompilerOptions>
    <Version Value="11"/>
    <PathDelim Value="\"/>
    <Target>
      <Filename Value="..\TitoTerm"/>
    </Target>
    <SearchPaths>
      <IncludeFiles Value="$(ProjOutDir)"/>
      <OtherUnitFiles Value="..\..\_libraries\MisUtils 0.5;..\..\_libraries\UnTerminal-0.9;..\..\_libraries\SynFacilUtils-1.21;..\..\_libraries\ConfigFrame 0.8b;..\..\_libraries\ConfigFrame 0.8b\Predefined;..\..\PreSQL 2.4;..\..\_libraries\Xpres-1.3.2;ConfigFrames"/>
      <UnitOutputDirectory Value="lib\$(TargetCPU)-$(TargetOS)"/>
    </SearchPaths>
    <Parsing>
      <SyntaxOptions>
        <IncludeAssertionCode Value="True"/>
      </SyntaxOptions>
    </Parsing>
    <CodeGeneration>
      <Checks>
        <IOChecks Value="True"/>
        <RangeChecks Value="True"/>
        <OverflowChecks Value="True"/>
        <StackChecks Value="True"/>
      </Checks>
    </CodeGeneration>
    <Linking>
      <Debugging>
        <DebugInfoType Value="dsDwarf2"/>
        <UseHeaptrc Value="True"/>
        <UseExternalDbgSyms Value="True"/>
      </Debugging>
    </Linking>
    <Other>
      <CompilerMessages>
        <IgnoredMessages idx5057="True" idx5024="True"/>
      </CompilerMessages>
    </Other>
  </CompilerOptions>
  <Debugging>
    <Exceptions Count="3">
      <Item1>
        <Name Value="EAbort"/>
      </Item1>
      <Item2>
        <Name Value="ECodetoolError"/>
      </Item2>
      <Item3>
        <Name Value="EFOpenError"/>
      </Item3>
    </Exceptions>
  </Debugging>
</CONFIG>
